
Microsoft Visual Studio Solution File, Format Version 12.00
# Visual Studio Version 16
VisualStudioVersion = 16.0.29920.165
MinimumVisualStudioVersion = 10.0.40219.1
Project("{9A19103F-16F7-4668-BE54-9A1E7A4F7556}") = "TizenXamlApp1.Client", "App.BasicXaml\TizenXamlApp1.Client\TizenXamlApp1.Client.csproj", "{B072C4AE-8CB3-45F4-9071-8F29F7CE3687}"
EndProject
Project("{9A19103F-16F7-4668-BE54-9A1E7A4F7556}") = "TizenXamlApp1.Wearable", "App.BasicXaml\TizenXamlApp1.Wearable\TizenXamlApp1.Wearable.csproj", "{405BCA72-F36D-46E6-9BB6-195E61C19AEC}"
EndProject
Global
	GlobalSection(SolutionConfigurationPlatforms) = preSolution
		Debug|Any CPU = Debug|Any CPU
		Release|Any CPU = Release|Any CPU
	EndGlobalSection
	GlobalSection(ProjectConfigurationPlatforms) = postSolution
		{B072C4AE-8CB3-45F4-9071-8F29F7CE3687}.Debug|Any CPU.ActiveCfg = Debug|Any CPU
		{B072C4AE-8CB3-45F4-9071-8F29F7CE3687}.Debug|Any CPU.Build.0 = Debug|Any CPU
		{B072C4AE-8CB3-45F4-9071-8F29F7CE3687}.Release|Any CPU.ActiveCfg = Release|Any CPU
		{B072C4AE-8CB3-45F4-9071-8F29F7CE3687}.Release|Any CPU.Build.0 = Release|Any CPU
		{405BCA72-F36D-46E6-9BB6-195E61C19AEC}.Debug|Any CPU.ActiveCfg = Debug|Any CPU
		{405BCA72-F36D-46E6-9BB6-195E61C19AEC}.Debug|Any CPU.Build.0 = Debug|Any CPU
		{405BCA72-F36D-46E6-9BB6-195E61C19AEC}.Release|Any CPU.ActiveCfg = Release|Any CPU
		{405BCA72-F36D-46E6-9BB6-195E61C19AEC}.Release|Any CPU.Build.0 = Release|Any CPU
	EndGlobalSection
	GlobalSection(SolutionProperties) = preSolution
		HideSolutionNode = FALSE
	EndGlobalSection
	GlobalSection(ExtensibilityGlobals) = postSolution
		SolutionGuid = {F5C8F88B-D3C1-4493-8F02-EF0A86D1762A}
	EndGlobalSection
EndGlobal
