
Microsoft Visual Studio Solution File, Format Version 12.00
# Visual Studio Version 16
VisualStudioVersion = 16.0.29920.165
MinimumVisualStudioVersion = 10.0.40219.1
Project("{9A19103F-16F7-4668-BE54-9A1E7A4F7556}") = "TizenApp.BasicFormsCs", "App.BasicCs\TizenApp.BasicFormsCs.csproj", "{B8DB965B-33D9-472D-A618-83926ABD28CB}"
EndProject
Global
	GlobalSection(SolutionConfigurationPlatforms) = preSolution
		Debug|Any CPU = Debug|Any CPU
		Release|Any CPU = Release|Any CPU
	EndGlobalSection
	GlobalSection(ProjectConfigurationPlatforms) = postSolution
		{B8DB965B-33D9-472D-A618-83926ABD28CB}.Debug|Any CPU.ActiveCfg = Debug|Any CPU
		{B8DB965B-33D9-472D-A618-83926ABD28CB}.Debug|Any CPU.Build.0 = Debug|Any CPU
		{B8DB965B-33D9-472D-A618-83926ABD28CB}.Release|Any CPU.ActiveCfg = Release|Any CPU
		{B8DB965B-33D9-472D-A618-83926ABD28CB}.Release|Any CPU.Build.0 = Release|Any CPU
	EndGlobalSection
	GlobalSection(SolutionProperties) = preSolution
		HideSolutionNode = FALSE
	EndGlobalSection
	GlobalSection(ExtensibilityGlobals) = postSolution
		SolutionGuid = {31CDA999-D13C-4C79-BCF2-E795592F34AB}
	EndGlobalSection
EndGlobal
