
Microsoft Visual Studio Solution File, Format Version 12.00
# Visual Studio Version 16
VisualStudioVersion = 16.0.29920.165
MinimumVisualStudioVersion = 10.0.40219.1
Project("{FAE04EC0-301F-11D3-BF4B-00C04F79EFBC}") = "ServiceApp1", "ServiceApp.Basic\ServiceApp1.csproj", "{024F128E-EF08-434C-AA11-96B8B9176F58}"
EndProject
Global
	GlobalSection(SolutionConfigurationPlatforms) = preSolution
		Debug|Any CPU = Debug|Any CPU
		Release|Any CPU = Release|Any CPU
	EndGlobalSection
	GlobalSection(ProjectConfigurationPlatforms) = postSolution
		{024F128E-EF08-434C-AA11-96B8B9176F58}.Debug|Any CPU.ActiveCfg = Debug|Any CPU
		{024F128E-EF08-434C-AA11-96B8B9176F58}.Debug|Any CPU.Build.0 = Debug|Any CPU
		{024F128E-EF08-434C-AA11-96B8B9176F58}.Release|Any CPU.ActiveCfg = Release|Any CPU
		{024F128E-EF08-434C-AA11-96B8B9176F58}.Release|Any CPU.Build.0 = Release|Any CPU
	EndGlobalSection
	GlobalSection(SolutionProperties) = preSolution
		HideSolutionNode = FALSE
	EndGlobalSection
	GlobalSection(ExtensibilityGlobals) = postSolution
		SolutionGuid = {D85BAA5B-39B4-4C07-B6C2-C121A83A89E0}
	EndGlobalSection
EndGlobal
